# THIS IS AN AUTOGENERATED FILE. DO NOT EDIT THIS FILE DIRECTLY.
# yarn lockfile v1


trix@^2.1.0:
  version "2.1.0"
  resolved "https://registry.yarnpkg.com/trix/-/trix-2.1.0.tgz#da9daddded6ee0cb2ba5676246bb343e1d45eaab"
  integrity sha512-TPhgGvIjM1VqcfoR/OQQERRlMDuEw7UBIoGroJGuiTmu5yqk5KqR29ZzPgGIoOJgsqoAgxGUCK92+CRJLoO43Q==
